
Microsoft Visual Studio Solution File, Format Version 12.00
# Visual Studio Version 17
VisualStudioVersion = 17.7.34031.279
MinimumVisualStudioVersion = 10.0.40219.1
Project("{8BC9CEB8-8B4A-11D0-8D11-00A0C91BC942}") = "实验1问题4", "实验1问题4.vcxproj", "{0FD5A38E-FCD6-4B31-8D74-9A130C2C186D}"
EndProject
Global
	GlobalSection(SolutionConfigurationPlatforms) = preSolution
		Debug|x64 = Debug|x64
		Debug|x86 = Debug|x86
		Release|x64 = Release|x64
		Release|x86 = Release|x86
	EndGlobalSection
	GlobalSection(ProjectConfigurationPlatforms) = postSolution
		{0FD5A38E-FCD6-4B31-8D74-9A130C2C186D}.Debug|x64.ActiveCfg = Debug|x64
		{0FD5A38E-FCD6-4B31-8D74-9A130C2C186D}.Debug|x64.Build.0 = Debug|x64
		{0FD5A38E-FCD6-4B31-8D74-9A130C2C186D}.Debug|x86.ActiveCfg = Debug|Win32
		{0FD5A38E-FCD6-4B31-8D74-9A130C2C186D}.Debug|x86.Build.0 = Debug|Win32
		{0FD5A38E-FCD6-4B31-8D74-9A130C2C186D}.Release|x64.ActiveCfg = Release|x64
		{0FD5A38E-FCD6-4B31-8D74-9A130C2C186D}.Release|x64.Build.0 = Release|x64
		{0FD5A38E-FCD6-4B31-8D74-9A130C2C186D}.Release|x86.ActiveCfg = Release|Win32
		{0FD5A38E-FCD6-4B31-8D74-9A130C2C186D}.Release|x86.Build.0 = Release|Win32
	EndGlobalSection
	GlobalSection(SolutionProperties) = preSolution
		HideSolutionNode = FALSE
	EndGlobalSection
	GlobalSection(ExtensibilityGlobals) = postSolution
		SolutionGuid = {9166A1E4-AE0A-4964-9EB3-141E4D0740AD}
	EndGlobalSection
EndGlobal
